
Microsoft Visual Studio Solution File, Format Version 12.00
# Visual Studio 14
VisualStudioVersion = 14.0.23107.0
MinimumVisualStudioVersion = 10.0.40219.1
Project("{FAE04EC0-301F-11D3-BF4B-00C04F79EFBC}") = "Nemlog-in-Signering.Tests", "Nemlog-in-Signering.Tests\Nemlog-in-Signering.Tests.csproj", "{EC3D991C-E26A-400B-8684-7E8E1D574A4F}"
EndProject
Project("{FAE04EC0-301F-11D3-BF4B-00C04F79EFBC}") = "Nemlog-in-Signing.Web", "Nemlog-in-Signing.Web\Nemlog-in-Signing.Web.csproj", "{6B678104-4B4A-41CF-8F9B-D3B881569EB2}"
EndProject
Project("{8BB2217D-0F2D-49D1-97BC-3654ED321F3B}") = "Nemlog-in.Signing", "Nemlog-in.Signing\Nemlog-in.Signing.xproj", "{C00C5E8E-D502-4FB4-A7D3-879C5461F95B}"
EndProject
Project("{2150E333-8FDC-42A3-9474-1A3956D46DE8}") = "Solution Items", "Solution Items", "{8C0BF1FF-EDC7-4E8B-84D2-030BD116412B}"
	ProjectSection(SolutionItems) = preProject
		global.json = global.json
	EndProjectSection
EndProject
Global
	GlobalSection(SolutionConfigurationPlatforms) = preSolution
		Debug|Any CPU = Debug|Any CPU
		Release|Any CPU = Release|Any CPU
	EndGlobalSection
	GlobalSection(ProjectConfigurationPlatforms) = postSolution
		{EC3D991C-E26A-400B-8684-7E8E1D574A4F}.Debug|Any CPU.ActiveCfg = Debug|Any CPU
		{EC3D991C-E26A-400B-8684-7E8E1D574A4F}.Debug|Any CPU.Build.0 = Debug|Any CPU
		{EC3D991C-E26A-400B-8684-7E8E1D574A4F}.Release|Any CPU.ActiveCfg = Release|Any CPU
		{EC3D991C-E26A-400B-8684-7E8E1D574A4F}.Release|Any CPU.Build.0 = Release|Any CPU
		{6B678104-4B4A-41CF-8F9B-D3B881569EB2}.Debug|Any CPU.ActiveCfg = Debug|Any CPU
		{6B678104-4B4A-41CF-8F9B-D3B881569EB2}.Debug|Any CPU.Build.0 = Debug|Any CPU
		{6B678104-4B4A-41CF-8F9B-D3B881569EB2}.Release|Any CPU.ActiveCfg = Release|Any CPU
		{6B678104-4B4A-41CF-8F9B-D3B881569EB2}.Release|Any CPU.Build.0 = Release|Any CPU
		{C00C5E8E-D502-4FB4-A7D3-879C5461F95B}.Debug|Any CPU.ActiveCfg = Debug|Any CPU
		{C00C5E8E-D502-4FB4-A7D3-879C5461F95B}.Debug|Any CPU.Build.0 = Debug|Any CPU
		{C00C5E8E-D502-4FB4-A7D3-879C5461F95B}.Release|Any CPU.ActiveCfg = Release|Any CPU
		{C00C5E8E-D502-4FB4-A7D3-879C5461F95B}.Release|Any CPU.Build.0 = Release|Any CPU
	EndGlobalSection
	GlobalSection(SolutionProperties) = preSolution
		HideSolutionNode = FALSE
	EndGlobalSection
EndGlobal
